{
  "name": "pokeapi--Byplagga",
  "version": "1.0.0",
  "lockfileVersion": 2,
  "requires": true,
  "packages": {
    "": {
      "name": "pokeapi--Byplagga",
      "version": "1.0.0",
      "license": "ISC",
      "dependencies": {
        "js-algorithms": "^1.9.1"
      }
    },
    "node_modules/js-algorithms": {
      "version": "1.9.1",
      "resolved": "https://registry.npmjs.org/js-algorithms/-/js-algorithms-1.9.1.tgz",
      "integrity": "sha512-6CsVqpaukRxCPfeAQupNvIxn8yyUD58s11kvx7dil9N62UHhFOeBu6hzUa9htDJx2GX9kNZBZegM5UKswCcQ2Q==",
      "engines": {
        "node": ">=8",
        "npm": ">=5"
      }
    }
  },
  "dependencies": {
    "js-algorithms": {
      "version": "1.9.1",
      "resolved": "https://registry.npmjs.org/js-algorithms/-/js-algorithms-1.9.1.tgz",
      "integrity": "sha512-6CsVqpaukRxCPfeAQupNvIxn8yyUD58s11kvx7dil9N62UHhFOeBu6hzUa9htDJx2GX9kNZBZegM5UKswCcQ2Q=="
    }
  }
}
